
Microsoft Visual Studio Solution File, Format Version 12.00
# Visual Studio Version 17
VisualStudioVersion = 17.9.34723.18
MinimumVisualStudioVersion = 10.0.40219.1
Project("{9A19103F-16F7-4668-BE54-9A1E7A4F7556}") = "BackendSiniestro", "BackendSiniestro\BackendSiniestro.csproj", "{F3EBAD52-E19A-45EC-B717-1A7D4DA0F19C}"
EndProject
Global
	GlobalSection(SolutionConfigurationPlatforms) = preSolution
		Debug|Any CPU = Debug|Any CPU
		Release|Any CPU = Release|Any CPU
	EndGlobalSection
	GlobalSection(ProjectConfigurationPlatforms) = postSolution
		{F3EBAD52-E19A-45EC-B717-1A7D4DA0F19C}.Debug|Any CPU.ActiveCfg = Debug|Any CPU
		{F3EBAD52-E19A-45EC-B717-1A7D4DA0F19C}.Debug|Any CPU.Build.0 = Debug|Any CPU
		{F3EBAD52-E19A-45EC-B717-1A7D4DA0F19C}.Release|Any CPU.ActiveCfg = Release|Any CPU
		{F3EBAD52-E19A-45EC-B717-1A7D4DA0F19C}.Release|Any CPU.Build.0 = Release|Any CPU
	EndGlobalSection
	GlobalSection(SolutionProperties) = preSolution
		HideSolutionNode = FALSE
	EndGlobalSection
	GlobalSection(ExtensibilityGlobals) = postSolution
		SolutionGuid = {06CD2B27-0294-4AE9-BDDB-D37602FFD01C}
	EndGlobalSection
EndGlobal
